
Microsoft Visual Studio Solution File, Format Version 12.00
# Visual Studio Version 16
VisualStudioVersion = 16.0.31605.320
MinimumVisualStudioVersion = 10.0.40219.1
Project("{8BC9CEB8-8B4A-11D0-8D11-00A0C91BC942}") = "珠玑妙算", "珠玑妙算\珠玑妙算.vcxproj", "{ED2FB3B6-F098-4EA7-9BBA-BA08597BCF85}"
EndProject
Global
	GlobalSection(SolutionConfigurationPlatforms) = preSolution
		Debug|x64 = Debug|x64
		Debug|x86 = Debug|x86
		Release|x64 = Release|x64
		Release|x86 = Release|x86
	EndGlobalSection
	GlobalSection(ProjectConfigurationPlatforms) = postSolution
		{ED2FB3B6-F098-4EA7-9BBA-BA08597BCF85}.Debug|x64.ActiveCfg = Debug|x64
		{ED2FB3B6-F098-4EA7-9BBA-BA08597BCF85}.Debug|x64.Build.0 = Debug|x64
		{ED2FB3B6-F098-4EA7-9BBA-BA08597BCF85}.Debug|x86.ActiveCfg = Debug|Win32
		{ED2FB3B6-F098-4EA7-9BBA-BA08597BCF85}.Debug|x86.Build.0 = Debug|Win32
		{ED2FB3B6-F098-4EA7-9BBA-BA08597BCF85}.Release|x64.ActiveCfg = Release|x64
		{ED2FB3B6-F098-4EA7-9BBA-BA08597BCF85}.Release|x64.Build.0 = Release|x64
		{ED2FB3B6-F098-4EA7-9BBA-BA08597BCF85}.Release|x86.ActiveCfg = Release|Win32
		{ED2FB3B6-F098-4EA7-9BBA-BA08597BCF85}.Release|x86.Build.0 = Release|Win32
	EndGlobalSection
	GlobalSection(SolutionProperties) = preSolution
		HideSolutionNode = FALSE
	EndGlobalSection
	GlobalSection(ExtensibilityGlobals) = postSolution
		SolutionGuid = {047DFA6B-C7F7-45AE-AFE6-C27A27233987}
	EndGlobalSection
EndGlobal
